{
  "name": "ttsr",
  "version": "1.0.0",
  "lockfileVersion": 3,
  "requires": true,
  "packages": {
    "": {
      "name": "ttsr",
      "version": "1.0.0",
      "license": "ISC",
      "dependencies": {
        "@ast-grep/napi": "^0.45.0",
        "typebox": "^1.3.8"
      }
    },
    "node_modules/@ast-grep/napi": {
      "version": "0.45.0",
      "resolved": "https://registry.npmjs.org/@ast-grep/napi/-/napi-0.45.0.tgz",
      "integrity": "sha512-5dQqAVZeHfdQsXjH9FCn+A8a1tb+GVa3Asdq6cKP4l7O0KqH/gmWLswvSaPx7twWfpUwHtGpX7L9frPEAqfNng==",
      "license": "MIT",
      "engines": {
        "node": ">= 10"
      },
      "optionalDependencies": {
        "@ast-grep/napi-darwin-arm64": "0.45.0",
        "@ast-grep/napi-darwin-x64": "0.45.0",
        "@ast-grep/napi-linux-arm64-gnu": "0.45.0",
        "@ast-grep/napi-linux-arm64-musl": "0.45.0",
        "@ast-grep/napi-linux-x64-gnu": "0.45.0",
        "@ast-grep/napi-linux-x64-musl": "0.45.0",
        "@ast-grep/napi-win32-arm64-msvc": "0.45.0",
        "@ast-grep/napi-win32-ia32-msvc": "0.45.0",
        "@ast-grep/napi-win32-x64-msvc": "0.45.0"
      }
    },
    "node_modules/@ast-grep/napi-darwin-arm64": {
      "version": "0.45.0",
      "resolved": "https://registry.npmjs.org/@ast-grep/napi-darwin-arm64/-/napi-darwin-arm64-0.45.0.tgz",
      "integrity": "sha512-yRf7pj+KFgCLw7mA39MjwrTu9zUnz7Kp7f/y8NrZ8Z7b3nI+eBQRvqwdG85J3nR8IJGXLbGBtCBLkrmYtAxWpQ==",
      "cpu": [
        "arm64"
      ],
      "license": "MIT",
      "optional": true,
      "os": [
        "darwin"
      ],
      "engines": {
        "node": ">= 10"
      }
    },
    "node_modules/@ast-grep/napi-darwin-x64": {
      "version": "0.45.0",
      "resolved": "https://registry.npmjs.org/@ast-grep/napi-darwin-x64/-/napi-darwin-x64-0.45.0.tgz",
      "integrity": "sha512-rS4PI6qbi828AuvnxT5Yh7rVsy8mAGiN5ruLdi99Po8Ll3v+01x3OXEC/px/816/72WFCXGWacaZ17otowgA1Q==",
      "cpu": [
        "x64"
      ],
      "license": "MIT",
      "optional": true,
      "os": [
        "darwin"
      ],
      "engines": {
        "node": ">= 10"
      }
    },
    "node_modules/@ast-grep/napi-linux-arm64-gnu": {
      "version": "0.45.0",
      "resolved": "https://registry.npmjs.org/@ast-grep/napi-linux-arm64-gnu/-/napi-linux-arm64-gnu-0.45.0.tgz",
      "integrity": "sha512-RD0B8fwENAVfQ54+M+l4h0GtIWReefuNXohzSeu9QkKm12vsui9LLNkS5bBdYko/riW5WSeGwgToGmVLxaJBTg==",
      "cpu": [
        "arm64"
      ],
      "license": "MIT",
      "optional": true,
      "os": [
        "linux"
      ],
      "engines": {
        "node": ">= 10"
      }
    },
    "node_modules/@ast-grep/napi-linux-arm64-musl": {
      "version": "0.45.0",
      "resolved": "https://registry.npmjs.org/@ast-grep/napi-linux-arm64-musl/-/napi-linux-arm64-musl-0.45.0.tgz",
      "integrity": "sha512-Q4GCYojuHVM3hfLOZ9DaOQmhMTUEHYmGhkWavPQyYZGO0/cc0DqSqOqewBPpP/sM9Q2X5ZYAo0HM9nsoklEm/A==",
      "cpu": [
        "arm64"
      ],
      "license": "MIT",
      "optional": true,
      "os": [
        "linux"
      ],
      "engines": {
        "node": ">= 10"
      }
    },
    "node_modules/@ast-grep/napi-linux-x64-gnu": {
      "version": "0.45.0",
      "resolved": "https://registry.npmjs.org/@ast-grep/napi-linux-x64-gnu/-/napi-linux-x64-gnu-0.45.0.tgz",
      "integrity": "sha512-yRrrvPaC0xt/kSRCrZctHwaosgEKGjSsU68yb4xqToC8Ue0TdLm0VuHjaCevzonRvO602NwKyyzYXtpFLdMzfw==",
      "cpu": [
        "x64"
      ],
      "license": "MIT",
      "optional": true,
      "os": [
        "linux"
      ],
      "engines": {
        "node": ">= 10"
      }
    },
    "node_modules/@ast-grep/napi-linux-x64-musl": {
      "version": "0.45.0",
      "resolved": "https://registry.npmjs.org/@ast-grep/napi-linux-x64-musl/-/napi-linux-x64-musl-0.45.0.tgz",
      "integrity": "sha512-Z80/+rdrk0xxGwbYkw14/xZJ6G1nA+6R5xqiWjq4UzoNs+azQ5+zOQAuD2m/hj+asbZxcA/KD+SXVaWX0+QWgA==",
      "cpu": [
        "x64"
      ],
      "license": "MIT",
      "optional": true,
      "os": [
        "linux"
      ],
      "engines": {
        "node": ">= 10"
      }
    },
    "node_modules/@ast-grep/napi-win32-arm64-msvc": {
      "version": "0.45.0",
      "resolved": "https://registry.npmjs.org/@ast-grep/napi-win32-arm64-msvc/-/napi-win32-arm64-msvc-0.45.0.tgz",
      "integrity": "sha512-gfuDq5TEEZGjV0cpj9queABM0E2y/WSwloE38Og1xdHPYmxQNLaCLayfqvtBzgG911NEVoD8+DCeEAYLcgByng==",
      "cpu": [
        "arm64"
      ],
      "license": "MIT",
      "optional": true,
      "os": [
        "win32"
      ],
      "engines": {
        "node": ">= 10"
      }
    },
    "node_modules/@ast-grep/napi-win32-ia32-msvc": {
      "version": "0.45.0",
      "resolved": "https://registry.npmjs.org/@ast-grep/napi-win32-ia32-msvc/-/napi-win32-ia32-msvc-0.45.0.tgz",
      "integrity": "sha512-BzysPG/tobpa4YBQ7VHPvvxPth6o3ct4LUS8A9hG0rvYdMGi5DKZya9nxSgpY/8yuxQsi9VSNAzWnCamnKWReg==",
      "cpu": [
        "ia32"
      ],
      "license": "MIT",
      "optional": true,
      "os": [
        "win32"
      ],
      "engines": {
        "node": ">= 10"
      }
    },
    "node_modules/@ast-grep/napi-win32-x64-msvc": {
      "version": "0.45.0",
      "resolved": "https://registry.npmjs.org/@ast-grep/napi-win32-x64-msvc/-/napi-win32-x64-msvc-0.45.0.tgz",
      "integrity": "sha512-sBAdQUZHrZL4JECMPWtz+aFF7nK0vUG4xQ68w8UGkqKbA//8JYtddpTtpJ1hM9nYfZupZN/saprkIMWjp7cqbA==",
      "cpu": [
        "x64"
      ],
      "license": "MIT",
      "optional": true,
      "os": [
        "win32"
      ],
      "engines": {
        "node": ">= 10"
      }
    },
    "node_modules/typebox": {
      "version": "1.3.8",
      "resolved": "https://registry.npmjs.org/typebox/-/typebox-1.3.8.tgz",
      "integrity": "sha512-xYaJgF0KMvBViKWRaKTAtfR6sDt/yH6xAjGAHXYJxKxUF4pVyPXZZhIlwOg6cDIE81N7L0pyIHs136RHBm6rLQ==",
      "license": "MIT"
    }
  }
}
